
Microsoft Visual Studio Solution File, Format Version 12.00
# Visual Studio Version 17
VisualStudioVersion = 17.13.35828.75
MinimumVisualStudioVersion = 10.0.40219.1
Project("{FAE04EC0-301F-11D3-BF4B-00C04F79EFBC}") = "BotsDemo.KnowledgeAssistant", "BotsDemo.KnowledgeAssistant\BotsDemo.KnowledgeAssistant.csproj", "{16A15EF8-2BD3-6BE4-F74E-82E7B37CB5A5}"
EndProject
Project("{FAE04EC0-301F-11D3-BF4B-00C04F79EFBC}") = "BotsDemo.KnowledgeAssistant.AppHost", "BotsDemo.KnowledgeAssistant.AppHost\BotsDemo.KnowledgeAssistant.AppHost.csproj", "{3CEF728F-7C45-48F4-B546-E9A90CFF1BE2}"
EndProject
Project("{FAE04EC0-301F-11D3-BF4B-00C04F79EFBC}") = "BotsDemo.KnowledgeAssistant.ServiceDefaults", "BotsDemo.KnowledgeAssistant.ServiceDefaults\BotsDemo.KnowledgeAssistant.ServiceDefaults.csproj", "{20515FB6-6727-A0FF-520F-14A2164AEE52}"
EndProject
Global
	GlobalSection(SolutionConfigurationPlatforms) = preSolution
		Debug|Any CPU = Debug|Any CPU
		Release|Any CPU = Release|Any CPU
	EndGlobalSection
	GlobalSection(ProjectConfigurationPlatforms) = postSolution
		{16A15EF8-2BD3-6BE4-F74E-82E7B37CB5A5}.Debug|Any CPU.ActiveCfg = Debug|Any CPU
		{16A15EF8-2BD3-6BE4-F74E-82E7B37CB5A5}.Debug|Any CPU.Build.0 = Debug|Any CPU
		{16A15EF8-2BD3-6BE4-F74E-82E7B37CB5A5}.Release|Any CPU.ActiveCfg = Release|Any CPU
		{16A15EF8-2BD3-6BE4-F74E-82E7B37CB5A5}.Release|Any CPU.Build.0 = Release|Any CPU
		{3CEF728F-7C45-48F4-B546-E9A90CFF1BE2}.Debug|Any CPU.ActiveCfg = Debug|Any CPU
		{3CEF728F-7C45-48F4-B546-E9A90CFF1BE2}.Debug|Any CPU.Build.0 = Debug|Any CPU
		{3CEF728F-7C45-48F4-B546-E9A90CFF1BE2}.Release|Any CPU.ActiveCfg = Release|Any CPU
		{3CEF728F-7C45-48F4-B546-E9A90CFF1BE2}.Release|Any CPU.Build.0 = Release|Any CPU
		{20515FB6-6727-A0FF-520F-14A2164AEE52}.Debug|Any CPU.ActiveCfg = Debug|Any CPU
		{20515FB6-6727-A0FF-520F-14A2164AEE52}.Debug|Any CPU.Build.0 = Debug|Any CPU
		{20515FB6-6727-A0FF-520F-14A2164AEE52}.Release|Any CPU.ActiveCfg = Release|Any CPU
		{20515FB6-6727-A0FF-520F-14A2164AEE52}.Release|Any CPU.Build.0 = Release|Any CPU
	EndGlobalSection
	GlobalSection(SolutionProperties) = preSolution
		HideSolutionNode = FALSE
	EndGlobalSection
	GlobalSection(ExtensibilityGlobals) = postSolution
		SolutionGuid = {E597FB84-0F26-46EB-83E1-D4C3C4EC12E8}
	EndGlobalSection
EndGlobal
